// !$*UTF8*$!
{
	archiveVersion = 1;
	classes = {
	};
	objectVersion = 46;
	objects = {

/* Begin PBXBuildFile section */
		58F3E2E41940C502001AEB8D /* Foundation.framework in Frameworks */ = {isa = PBXBuildFile; fileRef = 58F3E2E31940C502001AEB8D /* Foundation.framework */; };
		58F3E2E61940C502001AEB8D /* CoreGraphics.framework in Frameworks */ = {isa = PBXBuildFile; fileRef = 58F3E2E51940C502001AEB8D /* CoreGraphics.framework */; };
		58F3E2E81940C502001AEB8D /* UIKit.framework in Frameworks */ = {isa = PBXBuildFile; fileRef = 58F3E2E71940C502001AEB8D /* UIKit.framework */; };
		58F3E2EE1940C502001AEB8D /* InfoPlist.strings in Resources */ = {isa = PBXBuildFile; fileRef = 58F3E2EC1940C502001AEB8D /* InfoPlist.strings */; };
		58F3E2F01940C502001AEB8D /* main.m in Sources */ = {isa = PBXBuildFile; fileRef = 58F3E2EF1940C502001AEB8D /* main.m */; };
		58F3E2F41940C502001AEB8D /* AppDelegate.m in Sources */ = {isa = PBXBuildFile; fileRef = 58F3E2F31940C502001AEB8D /* AppDelegate.m */; };
		58F3E2F71940C502001AEB8D /* Main_iPhone.storyboard in Resources */ = {isa = PBXBuildFile; fileRef = 58F3E2F51940C502001AEB8D /* Main_iPhone.storyboard */; };
		58F3E2FA1940C502001AEB8D /* Main_iPad.storyboard in Resources */ = {isa = PBXBuildFile; fileRef = 58F3E2F81940C502001AEB8D /* Main_iPad.storyboard */; };
		58F3E2FD1940C502001AEB8D /* ViewController.m in Sources */ = {isa = PBXBuildFile; fileRef = 58F3E2FC1940C502001AEB8D /* ViewController.m */; };
		58F3E2FF1940C502001AEB8D /* Images.xcassets in Resources */ = {isa = PBXBuildFile; fileRef = 58F3E2FE1940C502001AEB8D /* Images.xcassets */; };
		58F3E3061940C503001AEB8D /* XCTest.framework in Frameworks */ = {isa = PBXBuildFile; fileRef = 58F3E3051940C503001AEB8D /* XCTest.framework */; };
		58F3E3071940C503001AEB8D /* Foundation.framework in Frameworks */ = {isa = PBXBuildFile; fileRef = 58F3E2E31940C502001AEB8D /* Foundation.framework */; };
		58F3E3081940C503001AEB8D /* UIKit.framework in Frameworks */ = {isa = PBXBuildFile; fileRef = 58F3E2E71940C502001AEB8D /* UIKit.framework */; };
		58F3E3101940C503001AEB8D /* InfoPlist.strings in Resources */ = {isa = PBXBuildFile; fileRef = 58F3E30E1940C503001AEB8D /* InfoPlist.strings */; };
		58F3E3121940C503001AEB8D /* Pastel2Tests.m in Sources */ = {isa = PBXBuildFile; fileRef = 58F3E3111940C503001AEB8D /* Pastel2Tests.m */; };
/* End PBXBuildFile section */

/* Begin PBXContainerItemProxy section */
		58F3E3091940C503001AEB8D /* PBXContainerItemProxy */ = {
			isa = PBXContainerItemProxy;
			containerPortal = 58F3E2D81940C502001AEB8D /* Project object */;
			proxyType = 1;
			remoteGlobalIDString = 58F3E2DF1940C502001AEB8D;
			remoteInfo = Pastel2;
		};
/* End PBXContainerItemProxy section */

/* Begin PBXFileReference section */
		58F3E2E01940C502001AEB8D /* Pastel2.app */ = {isa = PBXFileReference; explicitFileType = wrapper.application; includeInIndex = 0; path = Pastel2.app; sourceTree = BUILT_PRODUCTS_DIR; };
		58F3E2E31940C502001AEB8D /* Foundation.framework */ = {isa = PBXFileReference; lastKnownFileType = wrapper.framework; name = Foundation.framework; path = System/Library/Frameworks/Foundation.framework; sourceTree = SDKROOT; };
		58F3E2E51940C502001AEB8D /* CoreGraphics.framework */ = {isa = PBXFileReference; lastKnownFileType = wrapper.framework; name = CoreGraphics.framework; path = System/Library/Frameworks/CoreGraphics.framework; sourceTree = SDKROOT; };
		58F3E2E71940C502001AEB8D /* UIKit.framework */ = {isa = PBXFileReference; lastKnownFileType = wrapper.framework; name = UIKit.framework; path = System/Library/Frameworks/UIKit.framework; sourceTree = SDKROOT; };
		58F3E2EB1940C502001AEB8D /* Pastel2-Info.plist */ = {isa = PBXFileReference; lastKnownFileType = text.plist.xml; path = "Pastel2-Info.plist"; sourceTree = "<group>"; };
		58F3E2ED1940C502001AEB8D /* en */ = {isa = PBXFileReference; lastKnownFileType = text.plist.strings; name = en; path = en.lproj/InfoPlist.strings; sourceTree = "<group>"; };
		58F3E2EF1940C502001AEB8D /* main.m */ = {isa = PBXFileReference; lastKnownFileType = sourcecode.c.objc; path = main.m; sourceTree = "<group>"; };
		58F3E2F11940C502001AEB8D /* Pastel2-Prefix.pch */ = {isa = PBXFileReference; lastKnownFileType = sourcecode.c.h; path = "Pastel2-Prefix.pch"; sourceTree = "<group>"; };
		58F3E2F21940C502001AEB8D /* AppDelegate.h */ = {isa = PBXFileReference; lastKnownFileType = sourcecode.c.h; path = AppDelegate.h; sourceTree = "<group>"; };
		58F3E2F31940C502001AEB8D /* AppDelegate.m */ = {isa = PBXFileReference; lastKnownFileType = sourcecode.c.objc; path = AppDelegate.m; sourceTree = "<group>"; };
		58F3E2F61940C502001AEB8D /* Base */ = {isa = PBXFileReference; lastKnownFileType = file.storyboard; name = Base; path = Base.lproj/Main_iPhone.storyboard; sourceTree = "<group>"; };
		58F3E2F91940C502001AEB8D /* Base */ = {isa = PBXFileReference; lastKnownFileType = file.storyboard; name = Base; path = Base.lproj/Main_iPad.storyboard; sourceTree = "<group>"; };
		58F3E2FB1940C502001AEB8D /* ViewController.h */ = {isa = PBXFileReference; lastKnownFileType = sourcecode.c.h; path = ViewController.h; sourceTree = "<group>"; };
		58F3E2FC1940C502001AEB8D /* ViewController.m */ = {isa = PBXFileReference; lastKnownFileType = sourcecode.c.objc; path = ViewController.m; sourceTree = "<group>"; };
		58F3E2FE1940C502001AEB8D /* Images.xcassets */ = {isa = PBXFileReference; lastKnownFileType = folder.assetcatalog; path = Images.xcassets; sourceTree = "<group>"; };
		58F3E3041940C503001AEB8D /* Pastel2Tests.xctest */ = {isa = PBXFileReference; explicitFileType = wrapper.cfbundle; includeInIndex = 0; path = Pastel2Tests.xctest; sourceTree = BUILT_PRODUCTS_DIR; };
		58F3E3051940C503001AEB8D /* XCTest.framework */ = {isa = PBXFileReference; lastKnownFileType = wrapper.framework; name = XCTest.framework; path = Library/Frameworks/XCTest.framework; sourceTree = DEVELOPER_DIR; };
		58F3E30D1940C503001AEB8D /* Pastel2Tests-Info.plist */ = {isa = PBXFileReference; lastKnownFileType = text.plist.xml; path = "Pastel2Tests-Info.plist"; sourceTree = "<group>"; };
		58F3E30F1940C503001AEB8D /* en */ = {isa = PBXFileReference; lastKnownFileType = text.plist.strings; name = en; path = en.lproj/InfoPlist.strings; sourceTree = "<group>"; };
		58F3E3111940C503001AEB8D /* Pastel2Tests.m */ = {isa = PBXFileReference; lastKnownFileType = sourcecode.c.objc; path = Pastel2Tests.m; sourceTree = "<group>"; };
/* End PBXFileReference section */

/* Begin PBXFrameworksBuildPhase section */
		58F3E2DD1940C502001AEB8D /* Frameworks */ = {
			isa = PBXFrameworksBuildPhase;
			buildActionMask = 2147483647;
			files = (
				58F3E2E61940C502001AEB8D /* CoreGraphics.framework in Frameworks */,
				58F3E2E81940C502001AEB8D /* UIKit.framework in Frameworks */,
				58F3E2E41940C502001AEB8D /* Foundation.framework in Frameworks */,
			);
			runOnlyForDeploymentPostprocessing = 0;
		};
		58F3E3011940C503001AEB8D /* Frameworks */ = {
			isa = PBXFrameworksBuildPhase;
			buildActionMask = 2147483647;
			files = (
				58F3E3061940C503001AEB8D /* XCTest.framework in Frameworks */,
				58F3E3081940C503001AEB8D /* UIKit.framework in Frameworks */,
				58F3E3071940C503001AEB8D /* Foundation.framework in Frameworks */,
			);
			runOnlyForDeploymentPostprocessing = 0;
		};
/* End PBXFrameworksBuildPhase section */

/* Begin PBXGroup section */
		58F3E2D71940C502001AEB8D = {
			isa = PBXGroup;
			children = (
				58F3E2E91940C502001AEB8D /* Pastel2 */,
				58F3E30B1940C503001AEB8D /* Pastel2Tests */,
				58F3E2E21940C502001AEB8D /* Frameworks */,
				58F3E2E11940C502001AEB8D /* Products */,
			);
			sourceTree = "<group>";
		};
		58F3E2E11940C502001AEB8D /* Products */ = {
			isa = PBXGroup;
			children = (
				58F3E2E01940C502001AEB8D /* Pastel2.app */,
				58F3E3041940C503001AEB8D /* Pastel2Tests.xctest */,
			);
			name = Products;
			sourceTree = "<group>";
		};
		58F3E2E21940C502001AEB8D /* Frameworks */ = {
			isa = PBXGroup;
			children = (
				58F3E2E31940C502001AEB8D /* Foundation.framework */,
				58F3E2E51940C502001AEB8D /* CoreGraphics.framework */,
				58F3E2E71940C502001AEB8D /* UIKit.framework */,
				58F3E3051940C503001AEB8D /* XCTest.framework */,
			);
			name = Frameworks;
			sourceTree = "<group>";
		};
		58F3E2E91940C502001AEB8D /* Pastel2 */ = {
			isa = PBXGroup;
			children = (
				58F3E2F21940C502001AEB8D /* AppDelegate.h */,
				58F3E2F31940C502001AEB8D /* AppDelegate.m */,
				58F3E2F51940C502001AEB8D /* Main_iPhone.storyboard */,
				58F3E2F81940C502001AEB8D /* Main_iPad.storyboard */,
				58F3E2FB1940C502001AEB8D /* ViewController.h */,
				58F3E2FC1940C502001AEB8D /* ViewController.m */,
				58F3E2FE1940C502001AEB8D /* Images.xcassets */,
				58F3E2EA1940C502001AEB8D /* Supporting Files */,
			);
			path = Pastel2;
			sourceTree = "<group>";
		};
		58F3E2EA1940C502001AEB8D /* Supporting Files */ = {
			isa = PBXGroup;
			children = (
				58F3E2EB1940C502001AEB8D /* Pastel2-Info.plist */,
				58F3E2EC1940C502001AEB8D /* InfoPlist.strings */,
				58F3E2EF1940C502001AEB8D /* main.m */,
				58F3E2F11940C502001AEB8D /* Pastel2-Prefix.pch */,
			);
			name = "Supporting Files";
			sourceTree = "<group>";
		};
		58F3E30B1940C503001AEB8D /* Pastel2Tests */ = {
			isa = PBXGroup;
			children = (
				58F3E3111940C503001AEB8D /* Pastel2Tests.m */,
				58F3E30C1940C503001AEB8D /* Supporting Files */,
			);
			path = Pastel2Tests;
			sourceTree = "<group>";
		};
		58F3E30C1940C503001AEB8D /* Supporting Files */ = {
			isa = PBXGroup;
			children = (
				58F3E30D1940C503001AEB8D /* Pastel2Tests-Info.plist */,
				58F3E30E1940C503001AEB8D /* InfoPlist.strings */,
			);
			name = "Supporting Files";
			sourceTree = "<group>";
		};
/* End PBXGroup section */

/* Begin PBXNativeTarget section */
		58F3E2DF1940C502001AEB8D /* Pastel2 */ = {
			isa = PBXNativeTarget;
			buildConfigurationList = 58F3E3151940C503001AEB8D /* Build configuration list for PBXNativeTarget "Pastel2" */;
			buildPhases = (
				58F3E2DC1940C502001AEB8D /* Sources */,
				58F3E2DD1940C502001AEB8D /* Frameworks */,
				58F3E2DE1940C502001AEB8D /* Resources */,
			);
			buildRules = (
			);
			dependencies = (
			);
			name = Pastel2;
			productName = Pastel2;
			productReference = 58F3E2E01940C502001AEB8D /* Pastel2.app */;
			productType = "com.apple.product-type.application";
		};
		58F3E3031940C503001AEB8D /* Pastel2Tests */ = {
			isa = PBXNativeTarget;
			buildConfigurationList = 58F3E3181940C503001AEB8D /* Build configuration list for PBXNativeTarget "Pastel2Tests" */;
			buildPhases = (
				58F3E3001940C503001AEB8D /* Sources */,
				58F3E3011940C503001AEB8D /* Frameworks */,
				58F3E3021940C503001AEB8D /* Resources */,
			);
			buildRules = (
			);
			dependencies = (
				58F3E30A1940C503001AEB8D /* PBXTargetDependency */,
			);
			name = Pastel2Tests;
			productName = Pastel2Tests;
			productReference = 58F3E3041940C503001AEB8D /* Pastel2Tests.xctest */;
			productType = "com.apple.product-type.bundle.unit-test";
		};
/* End PBXNativeTarget section */

/* Begin PBXProject section */
		58F3E2D81940C502001AEB8D /* Project object */ = {
			isa = PBXProject;
			attributes = {
				LastUpgradeCheck = 0510;
				ORGANIZATIONNAME = SSC;
				TargetAttributes = {
					58F3E3031940C503001AEB8D = {
						TestTargetID = 58F3E2DF1940C502001AEB8D;
					};
				};
			};
			buildConfigurationList = 58F3E2DB1940C502001AEB8D /* Build configuration list for PBXProject "Pastel2" */;
			compatibilityVersion = "Xcode 3.2";
			developmentRegion = English;
			hasScannedForEncodings = 0;
			knownRegions = (
				en,
				Base,
			);
			mainGroup = 58F3E2D71940C502001AEB8D;
			productRefGroup = 58F3E2E11940C502001AEB8D /* Products */;
			projectDirPath = "";
			projectRoot = "";
			targets = (
				58F3E2DF1940C502001AEB8D /* Pastel2 */,
				58F3E3031940C503001AEB8D /* Pastel2Tests */,
			);
		};
/* End PBXProject section */

/* Begin PBXResourcesBuildPhase section */
		58F3E2DE1940C502001AEB8D /* Resources */ = {
			isa = PBXResourcesBuildPhase;
			buildActionMask = 2147483647;
			files = (
				58F3E2FA1940C502001AEB8D /* Main_iPad.storyboard in Resources */,
				58F3E2FF1940C502001AEB8D /* Images.xcassets in Resources */,
				58F3E2F71940C502001AEB8D /* Main_iPhone.storyboard in Resources */,
				58F3E2EE1940C502001AEB8D /* InfoPlist.strings in Resources */,
			);
			runOnlyForDeploymentPostprocessing = 0;
		};
		58F3E3021940C503001AEB8D /* Resources */ = {
			isa = PBXResourcesBuildPhase;
			buildActionMask = 2147483647;
			files = (
				58F3E3101940C503001AEB8D /* InfoPlist.strings in Resources */,
			);
			runOnlyForDeploymentPostprocessing = 0;
		};
/* End PBXResourcesBuildPhase section */

/* Begin PBXSourcesBuildPhase section */
		58F3E2DC1940C502001AEB8D /* Sources */ = {
			isa = PBXSourcesBuildPhase;
			buildActionMask = 2147483647;
			files = (
				58F3E2FD1940C502001AEB8D /* ViewController.m in Sources */,
				58F3E2F41940C502001AEB8D /* AppDelegate.m in Sources */,
				58F3E2F01940C502001AEB8D /* main.m in Sources */,
			);
			runOnlyForDeploymentPostprocessing = 0;
		};
		58F3E3001940C503001AEB8D /* Sources */ = {
			isa = PBXSourcesBuildPhase;
			buildActionMask = 2147483647;
			files = (
				58F3E3121940C503001AEB8D /* Pastel2Tests.m in Sources */,
			);
			runOnlyForDeploymentPostprocessing = 0;
		};
/* End PBXSourcesBuildPhase section */

/* Begin PBXTargetDependency section */
		58F3E30A1940C503001AEB8D /* PBXTargetDependency */ = {
			isa = PBXTargetDependency;
			target = 58F3E2DF1940C502001AEB8D /* Pastel2 */;
			targetProxy = 58F3E3091940C503001AEB8D /* PBXContainerItemProxy */;
		};
/* End PBXTargetDependency section */

/* Begin PBXVariantGroup section */
		58F3E2EC1940C502001AEB8D /* InfoPlist.strings */ = {
			isa = PBXVariantGroup;
			children = (
				58F3E2ED1940C502001AEB8D /* en */,
			);
			name = InfoPlist.strings;
			sourceTree = "<group>";
		};
		58F3E2F51940C502001AEB8D /* Main_iPhone.storyboard */ = {
			isa = PBXVariantGroup;
			children = (
				58F3E2F61940C502001AEB8D /* Base */,
			);
			name = Main_iPhone.storyboard;
			sourceTree = "<group>";
		};
		58F3E2F81940C502001AEB8D /* Main_iPad.storyboard */ = {
			isa = PBXVariantGroup;
			children = (
				58F3E2F91940C502001AEB8D /* Base */,
			);
			name = Main_iPad.storyboard;
			sourceTree = "<group>";
		};
		58F3E30E1940C503001AEB8D /* InfoPlist.strings */ = {
			isa = PBXVariantGroup;
			children = (
				58F3E30F1940C503001AEB8D /* en */,
			);
			name = InfoPlist.strings;
			sourceTree = "<group>";
		};
/* End PBXVariantGroup section */

/* Begin XCBuildConfiguration section */
		58F3E3131940C503001AEB8D /* Debug */ = {
			isa = XCBuildConfiguration;
			buildSettings = {
				ALWAYS_SEARCH_USER_PATHS = NO;
				CLANG_CXX_LANGUAGE_STANDARD = "gnu++0x";
				CLANG_CXX_LIBRARY = "libc++";
				CLANG_ENABLE_MODULES = YES;
				CLANG_ENABLE_OBJC_ARC = YES;
				CLANG_WARN_BOOL_CONVERSION = YES;
				CLANG_WARN_CONSTANT_CONVERSION = YES;
				CLANG_WARN_DIRECT_OBJC_ISA_USAGE = YES_ERROR;
				CLANG_WARN_EMPTY_BODY = YES;
				CLANG_WARN_ENUM_CONVERSION = YES;
				CLANG_WARN_INT_CONVERSION = YES;
				CLANG_WARN_OBJC_ROOT_CLASS = YES_ERROR;
				CLANG_WARN__DUPLICATE_METHOD_MATCH = YES;
				"CODE_SIGN_IDENTITY[sdk=iphoneos*]" = "iPhone Developer";
				COPY_PHASE_STRIP = NO;
				GCC_C_LANGUAGE_STANDARD = gnu99;
				GCC_DYNAMIC_NO_PIC = NO;
				GCC_OPTIMIZATION_LEVEL = 0;
				GCC_PREPROCESSOR_DEFINITIONS = (
					"DEBUG=1",
					"$(inherited)",
				);
				GCC_SYMBOLS_PRIVATE_EXTERN = NO;
				GCC_WARN_64_TO_32_BIT_CONVERSION = YES;
				GCC_WARN_ABOUT_RETURN_TYPE = YES_ERROR;
				GCC_WARN_UNDECLARED_SELECTOR = YES;
				GCC_WARN_UNINITIALIZED_AUTOS = YES_AGGRESSIVE;
				GCC_WARN_UNUSED_FUNCTION = YES;
				GCC_WARN_UNUSED_VARIABLE = YES;
				IPHONEOS_DEPLOYMENT_TARGET = 7.1;
				ONLY_ACTIVE_ARCH = YES;
				SDKROOT = iphoneos;
				TARGETED_DEVICE_FAMILY = "1,2";
			};
			name = Debug;
		};
		58F3E3141940C503001AEB8D /* Release */ = {
			isa = XCBuildConfiguration;
			buildSettings = {
				ALWAYS_SEARCH_USER_PATHS = NO;
				CLANG_CXX_LANGUAGE_STANDARD = "gnu++0x";
				CLANG_CXX_LIBRARY = "libc++";
				CLANG_ENABLE_MODULES = YES;
				CLANG_ENABLE_OBJC_ARC = YES;
				CLANG_WARN_BOOL_CONVERSION = YES;
				CLANG_WARN_CONSTANT_CONVERSION = YES;
				CLANG_WARN_DIRECT_OBJC_ISA_USAGE = YES_ERROR;
				CLANG_WARN_EMPTY_BODY = YES;
				CLANG_WARN_ENUM_CONVERSION = YES;
				CLANG_WARN_INT_CONVERSION = YES;
				CLANG_WARN_OBJC_ROOT_CLASS = YES_ERROR;
				CLANG_WARN__DUPLICATE_METHOD_MATCH = YES;
				"CODE_SIGN_IDENTITY[sdk=iphoneos*]" = "iPhone Developer";
				COPY_PHASE_STRIP = YES;
				ENABLE_NS_ASSERTIONS = NO;
				GCC_C_LANGUAGE_STANDARD = gnu99;
				GCC_WARN_64_TO_32_BIT_CONVERSION = YES;
				GCC_WARN_ABOUT_RETURN_TYPE = YES_ERROR;
				GCC_WARN_UNDECLARED_SELECTOR = YES;
				GCC_WARN_UNINITIALIZED_AUTOS = YES_AGGRESSIVE;
				GCC_WARN_UNUSED_FUNCTION = YES;
				GCC_WARN_UNUSED_VARIABLE = YES;
				IPHONEOS_DEPLOYMENT_TARGET = 7.1;
				SDKROOT = iphoneos;
				TARGETED_DEVICE_FAMILY = "1,2";
				VALIDATE_PRODUCT = YES;
			};
			name = Release;
		};
		58F3E3161940C503001AEB8D /* Debug */ = {
			isa = XCBuildConfiguration;
			buildSettings = {
				ASSETCATALOG_COMPILER_APPICON_NAME = AppIcon;
				ASSETCATALOG_COMPILER_LAUNCHIMAGE_NAME = LaunchImage;
				GCC_PRECOMPILE_PREFIX_HEADER = YES;
				GCC_PREFIX_HEADER = "Pastel2/Pastel2-Prefix.pch";
				INFOPLIST_FILE = "Pastel2/Pastel2-Info.plist";
				PRODUCT_NAME = "$(TARGET_NAME)";
				WRAPPER_EXTENSION = app;
			};
			name = Debug;
		};
		58F3E3171940C503001AEB8D /* Release */ = {
			isa = XCBuildConfiguration;
			buildSettings = {
				ASSETCATALOG_COMPILER_APPICON_NAME = AppIcon;
				ASSETCATALOG_COMPILER_LAUNCHIMAGE_NAME = LaunchImage;
				GCC_PRECOMPILE_PREFIX_HEADER = YES;
				GCC_PREFIX_HEADER = "Pastel2/Pastel2-Prefix.pch";
				INFOPLIST_FILE = "Pastel2/Pastel2-Info.plist";
				PRODUCT_NAME = "$(TARGET_NAME)";
				WRAPPER_EXTENSION = app;
			};
			name = Release;
		};
		58F3E3191940C503001AEB8D /* Debug */ = {
			isa = XCBuildConfiguration;
			buildSettings = {
				BUNDLE_LOADER = "$(BUILT_PRODUCTS_DIR)/Pastel2.app/Pastel2";
				FRAMEWORK_SEARCH_PATHS = (
					"$(SDKROOT)/Developer/Library/Frameworks",
					"$(inherited)",
					"$(DEVELOPER_FRAMEWORKS_DIR)",
				);
				GCC_PRECOMPILE_PREFIX_HEADER = YES;
				GCC_PREFIX_HEADER = "Pastel2/Pastel2-Prefix.pch";
				GCC_PREPROCESSOR_DEFINITIONS = (
					"DEBUG=1",
					"$(inherited)",
				);
				INFOPLIST_FILE = "Pastel2Tests/Pastel2Tests-Info.plist";
				PRODUCT_NAME = "$(TARGET_NAME)";
				TEST_HOST = "$(BUNDLE_LOADER)";
				WRAPPER_EXTENSION = xctest;
			};
			name = Debug;
		};
		58F3E31A1940C503001AEB8D /* Release */ = {
			isa = XCBuildConfiguration;
			buildSettings = {
				BUNDLE_LOADER = "$(BUILT_PRODUCTS_DIR)/Pastel2.app/Pastel2";
				FRAMEWORK_SEARCH_PATHS = (
					"$(SDKROOT)/Developer/Library/Frameworks",
					"$(inherited)",
					"$(DEVELOPER_FRAMEWORKS_DIR)",
				);
				GCC_PRECOMPILE_PREFIX_HEADER = YES;
				GCC_PREFIX_HEADER = "Pastel2/Pastel2-Prefix.pch";
				INFOPLIST_FILE = "Pastel2Tests/Pastel2Tests-Info.plist";
				PRODUCT_NAME = "$(TARGET_NAME)";
				TEST_HOST = "$(BUNDLE_LOADER)";
				WRAPPER_EXTENSION = xctest;
			};
			name = Release;
		};
/* End XCBuildConfiguration section */

/* Begin XCConfigurationList section */
		58F3E2DB1940C502001AEB8D /* Build configuration list for PBXProject "Pastel2" */ = {
			isa = XCConfigurationList;
			buildConfigurations = (
				58F3E3131940C503001AEB8D /* Debug */,
				58F3E3141940C503001AEB8D /* Release */,
			);
			defaultConfigurationIsVisible = 0;
			defaultConfigurationName = Release;
		};
		58F3E3151940C503001AEB8D /* Build configuration list for PBXNativeTarget "Pastel2" */ = {
			isa = XCConfigurationList;
			buildConfigurations = (
				58F3E3161940C503001AEB8D /* Debug */,
				58F3E3171940C503001AEB8D /* Release */,
			);
			defaultConfigurationIsVisible = 0;
		};
		58F3E3181940C503001AEB8D /* Build configuration list for PBXNativeTarget "Pastel2Tests" */ = {
			isa = XCConfigurationList;
			buildConfigurations = (
				58F3E3191940C503001AEB8D /* Debug */,
				58F3E31A1940C503001AEB8D /* Release */,
			);
			defaultConfigurationIsVisible = 0;
		};
/* End XCConfigurationList section */
	};
	rootObject = 58F3E2D81940C502001AEB8D /* Project object */;
}
